
Microsoft Visual Studio Solution File, Format Version 12.00
# Visual Studio Version 16
VisualStudioVersion = 16.0.30204.135
MinimumVisualStudioVersion = 10.0.40219.1
Project("{FAE04EC0-301F-11D3-BF4B-00C04F79EFBC}") = "PG.Api", "PG.Api\PG.Api\PG.Api.csproj", "{76277981-02F9-45CD-A973-757F3CB13566}"
EndProject
Project("{FAE04EC0-301F-11D3-BF4B-00C04F79EFBC}") = "PG.Models", "PG.Models\PG.Models\PG.Models.csproj", "{01AE3E03-F761-4F79-A12D-C3EAF9693C36}"
EndProject
Global
	GlobalSection(SolutionConfigurationPlatforms) = preSolution
		Debug|Any CPU = Debug|Any CPU
		Release|Any CPU = Release|Any CPU
	EndGlobalSection
	GlobalSection(ProjectConfigurationPlatforms) = postSolution
		{76277981-02F9-45CD-A973-757F3CB13566}.Debug|Any CPU.ActiveCfg = Debug|Any CPU
		{76277981-02F9-45CD-A973-757F3CB13566}.Debug|Any CPU.Build.0 = Debug|Any CPU
		{76277981-02F9-45CD-A973-757F3CB13566}.Release|Any CPU.ActiveCfg = Release|Any CPU
		{76277981-02F9-45CD-A973-757F3CB13566}.Release|Any CPU.Build.0 = Release|Any CPU
		{01AE3E03-F761-4F79-A12D-C3EAF9693C36}.Debug|Any CPU.ActiveCfg = Debug|Any CPU
		{01AE3E03-F761-4F79-A12D-C3EAF9693C36}.Debug|Any CPU.Build.0 = Debug|Any CPU
		{01AE3E03-F761-4F79-A12D-C3EAF9693C36}.Release|Any CPU.ActiveCfg = Release|Any CPU
		{01AE3E03-F761-4F79-A12D-C3EAF9693C36}.Release|Any CPU.Build.0 = Release|Any CPU
	EndGlobalSection
	GlobalSection(SolutionProperties) = preSolution
		HideSolutionNode = FALSE
	EndGlobalSection
	GlobalSection(ExtensibilityGlobals) = postSolution
		SolutionGuid = {64D57F98-8D62-41EB-B06C-5B5E35CB365C}
	EndGlobalSection
EndGlobal
