
Microsoft Visual Studio Solution File, Format Version 12.00
# Visual Studio Version 16
VisualStudioVersion = 16.0.30204.135
MinimumVisualStudioVersion = 10.0.40219.1
Project("{9A19103F-16F7-4668-BE54-9A1E7A4F7556}") = "PG.Models", "PG.Models\PG.Models.csproj", "{7ED4AB49-1DAA-4EE2-AD8C-CED8DAA25F86}"
EndProject
Project("{9A19103F-16F7-4668-BE54-9A1E7A4F7556}") = "PG.Api", "PG.Api\PG.Api.csproj", "{23EB3075-B43F-47BA-A536-22F9DF42CE3E}"
EndProject
Project("{00D1A9C2-B5F0-4AF3-8072-F6C62B433612}") = "PG.PiriGram.DB", "PG.PiriGram.DB\PG.PiriGram.DB.sqlproj", "{678B999B-C965-4BE1-A859-94704253B06E}"
EndProject
Project("{9A19103F-16F7-4668-BE54-9A1E7A4F7556}") = "PG.Services", "PG.Services\PG.Services.csproj", "{4CA0A7B7-8E8E-4682-A5C9-2D3C8865D7D2}"
EndProject
Project("{9A19103F-16F7-4668-BE54-9A1E7A4F7556}") = "PG.Services.Contracts", "PG.Services.Contracts\PG.Services.Contracts.csproj", "{05643888-09E2-461D-BF0C-327F14BE852A}"
EndProject
Project("{FAE04EC0-301F-11D3-BF4B-00C04F79EFBC}") = "PG.Utilities", "PG.Utilities\PG.Utilities.csproj", "{D3BDCC87-8D39-4B3B-BF98-EDE08FF9925A}"
EndProject
Project("{FAE04EC0-301F-11D3-BF4B-00C04F79EFBC}") = "PG.Application", "PG.Application\PG.Application.csproj", "{B519ECBF-1404-4E72-8BEF-84195A26C9F6}"
EndProject
Global
	GlobalSection(SolutionConfigurationPlatforms) = preSolution
		Debug|Any CPU = Debug|Any CPU
		Release|Any CPU = Release|Any CPU
	EndGlobalSection
	GlobalSection(ProjectConfigurationPlatforms) = postSolution
		{7ED4AB49-1DAA-4EE2-AD8C-CED8DAA25F86}.Debug|Any CPU.ActiveCfg = Debug|Any CPU
		{7ED4AB49-1DAA-4EE2-AD8C-CED8DAA25F86}.Debug|Any CPU.Build.0 = Debug|Any CPU
		{7ED4AB49-1DAA-4EE2-AD8C-CED8DAA25F86}.Release|Any CPU.ActiveCfg = Release|Any CPU
		{7ED4AB49-1DAA-4EE2-AD8C-CED8DAA25F86}.Release|Any CPU.Build.0 = Release|Any CPU
		{23EB3075-B43F-47BA-A536-22F9DF42CE3E}.Debug|Any CPU.ActiveCfg = Debug|Any CPU
		{23EB3075-B43F-47BA-A536-22F9DF42CE3E}.Debug|Any CPU.Build.0 = Debug|Any CPU
		{23EB3075-B43F-47BA-A536-22F9DF42CE3E}.Release|Any CPU.ActiveCfg = Release|Any CPU
		{23EB3075-B43F-47BA-A536-22F9DF42CE3E}.Release|Any CPU.Build.0 = Release|Any CPU
		{678B999B-C965-4BE1-A859-94704253B06E}.Debug|Any CPU.ActiveCfg = Debug|Any CPU
		{678B999B-C965-4BE1-A859-94704253B06E}.Debug|Any CPU.Build.0 = Debug|Any CPU
		{678B999B-C965-4BE1-A859-94704253B06E}.Debug|Any CPU.Deploy.0 = Debug|Any CPU
		{678B999B-C965-4BE1-A859-94704253B06E}.Release|Any CPU.ActiveCfg = Release|Any CPU
		{678B999B-C965-4BE1-A859-94704253B06E}.Release|Any CPU.Build.0 = Release|Any CPU
		{678B999B-C965-4BE1-A859-94704253B06E}.Release|Any CPU.Deploy.0 = Release|Any CPU
		{4CA0A7B7-8E8E-4682-A5C9-2D3C8865D7D2}.Debug|Any CPU.ActiveCfg = Debug|Any CPU
		{4CA0A7B7-8E8E-4682-A5C9-2D3C8865D7D2}.Debug|Any CPU.Build.0 = Debug|Any CPU
		{4CA0A7B7-8E8E-4682-A5C9-2D3C8865D7D2}.Release|Any CPU.ActiveCfg = Release|Any CPU
		{4CA0A7B7-8E8E-4682-A5C9-2D3C8865D7D2}.Release|Any CPU.Build.0 = Release|Any CPU
		{05643888-09E2-461D-BF0C-327F14BE852A}.Debug|Any CPU.ActiveCfg = Debug|Any CPU
		{05643888-09E2-461D-BF0C-327F14BE852A}.Debug|Any CPU.Build.0 = Debug|Any CPU
		{05643888-09E2-461D-BF0C-327F14BE852A}.Release|Any CPU.ActiveCfg = Release|Any CPU
		{05643888-09E2-461D-BF0C-327F14BE852A}.Release|Any CPU.Build.0 = Release|Any CPU
		{D3BDCC87-8D39-4B3B-BF98-EDE08FF9925A}.Debug|Any CPU.ActiveCfg = Debug|Any CPU
		{D3BDCC87-8D39-4B3B-BF98-EDE08FF9925A}.Debug|Any CPU.Build.0 = Debug|Any CPU
		{D3BDCC87-8D39-4B3B-BF98-EDE08FF9925A}.Release|Any CPU.ActiveCfg = Release|Any CPU
		{D3BDCC87-8D39-4B3B-BF98-EDE08FF9925A}.Release|Any CPU.Build.0 = Release|Any CPU
		{B519ECBF-1404-4E72-8BEF-84195A26C9F6}.Debug|Any CPU.ActiveCfg = Debug|Any CPU
		{B519ECBF-1404-4E72-8BEF-84195A26C9F6}.Debug|Any CPU.Build.0 = Debug|Any CPU
		{B519ECBF-1404-4E72-8BEF-84195A26C9F6}.Release|Any CPU.ActiveCfg = Release|Any CPU
		{B519ECBF-1404-4E72-8BEF-84195A26C9F6}.Release|Any CPU.Build.0 = Release|Any CPU
	EndGlobalSection
	GlobalSection(SolutionProperties) = preSolution
		HideSolutionNode = FALSE
	EndGlobalSection
	GlobalSection(ExtensibilityGlobals) = postSolution
		SolutionGuid = {64D57F98-8D62-41EB-B06C-5B5E35CB365C}
	EndGlobalSection
EndGlobal
